
Microsoft Visual Studio Solution File, Format Version 12.00
# Visual Studio Version 16
VisualStudioVersion = 16.0.30907.101
MinimumVisualStudioVersion = 10.0.40219.1
Project("{FAE04EC0-301F-11D3-BF4B-00C04F79EFBC}") = "扩展训练十 模拟邮件发送", "扩展训练十 模拟邮件发送\扩展训练十 模拟邮件发送.csproj", "{35D46028-C0CB-4CCC-9F52-26222B15A768}"
EndProject
Global
	GlobalSection(SolutionConfigurationPlatforms) = preSolution
		Debug|Any CPU = Debug|Any CPU
		Release|Any CPU = Release|Any CPU
	EndGlobalSection
	GlobalSection(ProjectConfigurationPlatforms) = postSolution
		{35D46028-C0CB-4CCC-9F52-26222B15A768}.Debug|Any CPU.ActiveCfg = Debug|Any CPU
		{35D46028-C0CB-4CCC-9F52-26222B15A768}.Debug|Any CPU.Build.0 = Debug|Any CPU
		{35D46028-C0CB-4CCC-9F52-26222B15A768}.Release|Any CPU.ActiveCfg = Release|Any CPU
		{35D46028-C0CB-4CCC-9F52-26222B15A768}.Release|Any CPU.Build.0 = Release|Any CPU
	EndGlobalSection
	GlobalSection(SolutionProperties) = preSolution
		HideSolutionNode = FALSE
	EndGlobalSection
	GlobalSection(ExtensibilityGlobals) = postSolution
		SolutionGuid = {CC495C87-6350-4039-9423-2F7390332380}
	EndGlobalSection
EndGlobal
